
Microsoft Visual Studio Solution File, Format Version 12.00
# Visual Studio 15
VisualStudioVersion = 15.0.27703.2026
MinimumVisualStudioVersion = 10.0.40219.1
Project("{FAE04EC0-301F-11D3-BF4B-00C04F79EFBC}") = "SignalR", "SignalR\SignalR.csproj", "{648B2DF6-8854-4B5D-82E7-670063806020}"
EndProject
Global
	GlobalSection(SolutionConfigurationPlatforms) = preSolution
		Debug|Any CPU = Debug|Any CPU
		Release|Any CPU = Release|Any CPU
	EndGlobalSection
	GlobalSection(ProjectConfigurationPlatforms) = postSolution
		{648B2DF6-8854-4B5D-82E7-670063806020}.Debug|Any CPU.ActiveCfg = Debug|Any CPU
		{648B2DF6-8854-4B5D-82E7-670063806020}.Debug|Any CPU.Build.0 = Debug|Any CPU
		{648B2DF6-8854-4B5D-82E7-670063806020}.Release|Any CPU.ActiveCfg = Release|Any CPU
		{648B2DF6-8854-4B5D-82E7-670063806020}.Release|Any CPU.Build.0 = Release|Any CPU
	EndGlobalSection
	GlobalSection(SolutionProperties) = preSolution
		HideSolutionNode = FALSE
	EndGlobalSection
	GlobalSection(ExtensibilityGlobals) = postSolution
		SolutionGuid = {95EDFBFB-6847-4696-9BAA-39670F989756}
	EndGlobalSection
EndGlobal
